
Microsoft Visual Studio Solution File, Format Version 12.00
# Visual Studio Version 17
VisualStudioVersion = 17.6.33815.320
MinimumVisualStudioVersion = 10.0.40219.1
Project("{FAE04EC0-301F-11D3-BF4B-00C04F79EFBC}") = "FitLog.Main", "FitLog.Main\FitLog.Main.csproj", "{EE840A11-99AC-4ABF-9165-4F46942982E8}"
EndProject
Project("{9A19103F-16F7-4668-BE54-9A1E7A4F7556}") = "FitLog.Database", "FitLog.Database\FitLog.Database.csproj", "{07A8D975-2D85-440E-88A0-F69FB939B243}"
EndProject
Global
	GlobalSection(SolutionConfigurationPlatforms) = preSolution
		Debug|Any CPU = Debug|Any CPU
		Release|Any CPU = Release|Any CPU
	EndGlobalSection
	GlobalSection(ProjectConfigurationPlatforms) = postSolution
		{EE840A11-99AC-4ABF-9165-4F46942982E8}.Debug|Any CPU.ActiveCfg = Debug|Any CPU
		{EE840A11-99AC-4ABF-9165-4F46942982E8}.Debug|Any CPU.Build.0 = Debug|Any CPU
		{EE840A11-99AC-4ABF-9165-4F46942982E8}.Release|Any CPU.ActiveCfg = Release|Any CPU
		{EE840A11-99AC-4ABF-9165-4F46942982E8}.Release|Any CPU.Build.0 = Release|Any CPU
		{07A8D975-2D85-440E-88A0-F69FB939B243}.Debug|Any CPU.ActiveCfg = Debug|Any CPU
		{07A8D975-2D85-440E-88A0-F69FB939B243}.Debug|Any CPU.Build.0 = Debug|Any CPU
		{07A8D975-2D85-440E-88A0-F69FB939B243}.Release|Any CPU.ActiveCfg = Release|Any CPU
		{07A8D975-2D85-440E-88A0-F69FB939B243}.Release|Any CPU.Build.0 = Release|Any CPU
	EndGlobalSection
	GlobalSection(SolutionProperties) = preSolution
		HideSolutionNode = FALSE
	EndGlobalSection
	GlobalSection(ExtensibilityGlobals) = postSolution
		SolutionGuid = {0D9537F5-E559-446D-A727-DC92CD845789}
	EndGlobalSection
EndGlobal
